// !$*UTF8*$!
{
	archiveVersion = 1;
	classes = {
	};
	objectVersion = 60;
	objects = {

/* Begin PBXBuildFile section */
		F6013A232C30705D0087757C /* Types.swift in Sources */ = {isa = PBXBuildFile; fileRef = F6013A222C3070590087757C /* Types.swift */; };
		F6013A292C3078670087757C /* Engine.swift in Sources */ = {isa = PBXBuildFile; fileRef = F6013A282C3078650087757C /* Engine.swift */; };
		F6013A2B2C307C4C0087757C /* Prefs.swift in Sources */ = {isa = PBXBuildFile; fileRef = F6013A2A2C307C490087757C /* Prefs.swift */; };
		F6013A2D2C307FEE0087757C /* ShaderLibrary.swift in Sources */ = {isa = PBXBuildFile; fileRef = F6013A2C2C307FE90087757C /* ShaderLibrary.swift */; };
		F6013A2F2C3083D30087757C /* VertexDescriptorLibrary.swift in Sources */ = {isa = PBXBuildFile; fileRef = F6013A2E2C3083CA0087757C /* VertexDescriptorLibrary.swift */; };
		F6013A312C30852A0087757C /* RenderPipeLineDescriptorLibrary.swift in Sources */ = {isa = PBXBuildFile; fileRef = F6013A302C3085210087757C /* RenderPipeLineDescriptorLibrary.swift */; };
		F6013A332C3086760087757C /* RenderPipelineStateLibrary.swift in Sources */ = {isa = PBXBuildFile; fileRef = F6013A322C30866D0087757C /* RenderPipelineStateLibrary.swift */; };
		F6013A352C3099820087757C /* Entity.swift in Sources */ = {isa = PBXBuildFile; fileRef = F6013A342C30997A0087757C /* Entity.swift */; };
		F6013A372C309B1E0087757C /* Renderer.swift in Sources */ = {isa = PBXBuildFile; fileRef = F6013A362C309B1A0087757C /* Renderer.swift */; };
		F6013A392C30A40C0087757C /* MeshLibrary.swift in Sources */ = {isa = PBXBuildFile; fileRef = F6013A382C30A4080087757C /* MeshLibrary.swift */; };
		F6013A3B2C30AAC50087757C /* Pointer.swift in Sources */ = {isa = PBXBuildFile; fileRef = F6013A3A2C30AAC30087757C /* Pointer.swift */; };
		F6013A3D2C30AB3B0087757C /* Node.swift in Sources */ = {isa = PBXBuildFile; fileRef = F6013A3C2C30AB3A0087757C /* Node.swift */; };
		F6013A3F2C30ABCC0087757C /* Renderable.swift in Sources */ = {isa = PBXBuildFile; fileRef = F6013A3E2C30ABC90087757C /* Renderable.swift */; };
		F6013A432C30B4D80087757C /* Matrices.swift in Sources */ = {isa = PBXBuildFile; fileRef = F6013A422C30B4D30087757C /* Matrices.swift */; };
		F65C4C172C2F8BCA007D7F9D /* MetAppApp.swift in Sources */ = {isa = PBXBuildFile; fileRef = F65C4C162C2F8BCA007D7F9D /* MetAppApp.swift */; };
		F65C4C192C2F8BCA007D7F9D /* ContentView.swift in Sources */ = {isa = PBXBuildFile; fileRef = F65C4C182C2F8BCA007D7F9D /* ContentView.swift */; };
		F65C4C1B2C2F8BCA007D7F9D /* Item.swift in Sources */ = {isa = PBXBuildFile; fileRef = F65C4C1A2C2F8BCA007D7F9D /* Item.swift */; };
		F65C4C1D2C2F8BCB007D7F9D /* Assets.xcassets in Resources */ = {isa = PBXBuildFile; fileRef = F65C4C1C2C2F8BCB007D7F9D /* Assets.xcassets */; };
		F65C4C202C2F8BCB007D7F9D /* Preview Assets.xcassets in Resources */ = {isa = PBXBuildFile; fileRef = F65C4C1F2C2F8BCB007D7F9D /* Preview Assets.xcassets */; };
		F65C4C2B2C2F8BCD007D7F9D /* MetAppTests.swift in Sources */ = {isa = PBXBuildFile; fileRef = F65C4C2A2C2F8BCD007D7F9D /* MetAppTests.swift */; };
		F65C4C352C2F8BCD007D7F9D /* MetAppUITests.swift in Sources */ = {isa = PBXBuildFile; fileRef = F65C4C342C2F8BCD007D7F9D /* MetAppUITests.swift */; };
		F65C4C372C2F8BCD007D7F9D /* MetAppUITestsLaunchTests.swift in Sources */ = {isa = PBXBuildFile; fileRef = F65C4C362C2F8BCD007D7F9D /* MetAppUITestsLaunchTests.swift */; };
		F65C4C442C2F8E19007D7F9D /* MetalView.swift in Sources */ = {isa = PBXBuildFile; fileRef = F65C4C432C2F8E14007D7F9D /* MetalView.swift */; };
		F65C4C482C2F9430007D7F9D /* MyShaders.metal in Sources */ = {isa = PBXBuildFile; fileRef = F65C4C472C2F9430007D7F9D /* MyShaders.metal */; };
		F6A7E88F2C30DD5200EBAB16 /* SandboxScene.swift in Sources */ = {isa = PBXBuildFile; fileRef = F6A7E88D2C30DD5200EBAB16 /* SandboxScene.swift */; };
		F6A7E8902C30DD5200EBAB16 /* Scene.swift in Sources */ = {isa = PBXBuildFile; fileRef = F6A7E88E2C30DD5200EBAB16 /* Scene.swift */; };
		F6EAFCAD2C3239A200115E31 /* SEGameView.swift in Sources */ = {isa = PBXBuildFile; fileRef = F6EAFCAC2C3239A000115E31 /* SEGameView.swift */; };
		F6EAFCB02C323C0B00115E31 /* SEKeyboard.swift in Sources */ = {isa = PBXBuildFile; fileRef = F6EAFCAF2C323C0700115E31 /* SEKeyboard.swift */; };
		F6EAFCB22C32600F00115E31 /* SEKeyCode.swift in Sources */ = {isa = PBXBuildFile; fileRef = F6EAFCB12C32600900115E31 /* SEKeyCode.swift */; };
		F6EAFCB42C326B5900115E31 /* SEMouse.swift in Sources */ = {isa = PBXBuildFile; fileRef = F6EAFCB32C326B5700115E31 /* SEMouse.swift */; };
		F6EAFCB62C335EB900115E31 /* SECamera.swift in Sources */ = {isa = PBXBuildFile; fileRef = F6EAFCB52C335EB600115E31 /* SECamera.swift */; };
		F6EAFCB82C335F9B00115E31 /* SEDebugCamera.swift in Sources */ = {isa = PBXBuildFile; fileRef = F6EAFCB72C335F9800115E31 /* SEDebugCamera.swift */; };
		F6EAFCBA2C33624E00115E31 /* SECameraManager.swift in Sources */ = {isa = PBXBuildFile; fileRef = F6EAFCB92C33624800115E31 /* SECameraManager.swift */; };
/* End PBXBuildFile section */

/* Begin PBXContainerItemProxy section */
		F65C4C272C2F8BCD007D7F9D /* PBXContainerItemProxy */ = {
			isa = PBXContainerItemProxy;
			containerPortal = F65C4C0B2C2F8BCA007D7F9D /* Project object */;
			proxyType = 1;
			remoteGlobalIDString = F65C4C122C2F8BCA007D7F9D;
			remoteInfo = MetApp;
		};
		F65C4C312C2F8BCD007D7F9D /* PBXContainerItemProxy */ = {
			isa = PBXContainerItemProxy;
			containerPortal = F65C4C0B2C2F8BCA007D7F9D /* Project object */;
			proxyType = 1;
			remoteGlobalIDString = F65C4C122C2F8BCA007D7F9D;
			remoteInfo = MetApp;
		};
/* End PBXContainerItemProxy section */

/* Begin PBXFileReference section */
		F6013A222C3070590087757C /* Types.swift */ = {isa = PBXFileReference; lastKnownFileType = sourcecode.swift; path = Types.swift; sourceTree = "<group>"; };
		F6013A282C3078650087757C /* Engine.swift */ = {isa = PBXFileReference; lastKnownFileType = sourcecode.swift; path = Engine.swift; sourceTree = "<group>"; };
		F6013A2A2C307C490087757C /* Prefs.swift */ = {isa = PBXFileReference; lastKnownFileType = sourcecode.swift; path = Prefs.swift; sourceTree = "<group>"; };
		F6013A2C2C307FE90087757C /* ShaderLibrary.swift */ = {isa = PBXFileReference; lastKnownFileType = sourcecode.swift; path = ShaderLibrary.swift; sourceTree = "<group>"; };
		F6013A2E2C3083CA0087757C /* VertexDescriptorLibrary.swift */ = {isa = PBXFileReference; lastKnownFileType = sourcecode.swift; path = VertexDescriptorLibrary.swift; sourceTree = "<group>"; };
		F6013A302C3085210087757C /* RenderPipeLineDescriptorLibrary.swift */ = {isa = PBXFileReference; lastKnownFileType = sourcecode.swift; path = RenderPipeLineDescriptorLibrary.swift; sourceTree = "<group>"; };
		F6013A322C30866D0087757C /* RenderPipelineStateLibrary.swift */ = {isa = PBXFileReference; lastKnownFileType = sourcecode.swift; path = RenderPipelineStateLibrary.swift; sourceTree = "<group>"; };
		F6013A342C30997A0087757C /* Entity.swift */ = {isa = PBXFileReference; lastKnownFileType = sourcecode.swift; path = Entity.swift; sourceTree = "<group>"; };
		F6013A362C309B1A0087757C /* Renderer.swift */ = {isa = PBXFileReference; lastKnownFileType = sourcecode.swift; path = Renderer.swift; sourceTree = "<group>"; };
		F6013A382C30A4080087757C /* MeshLibrary.swift */ = {isa = PBXFileReference; lastKnownFileType = sourcecode.swift; path = MeshLibrary.swift; sourceTree = "<group>"; };
		F6013A3A2C30AAC30087757C /* Pointer.swift */ = {isa = PBXFileReference; lastKnownFileType = sourcecode.swift; path = Pointer.swift; sourceTree = "<group>"; };
		F6013A3C2C30AB3A0087757C /* Node.swift */ = {isa = PBXFileReference; lastKnownFileType = sourcecode.swift; path = Node.swift; sourceTree = "<group>"; };
		F6013A3E2C30ABC90087757C /* Renderable.swift */ = {isa = PBXFileReference; lastKnownFileType = sourcecode.swift; path = Renderable.swift; sourceTree = "<group>"; };
		F6013A402C30ADC20087757C /* Readme.md */ = {isa = PBXFileReference; lastKnownFileType = net.daringfireball.markdown; path = Readme.md; sourceTree = "<group>"; };
		F6013A422C30B4D30087757C /* Matrices.swift */ = {isa = PBXFileReference; lastKnownFileType = sourcecode.swift; path = Matrices.swift; sourceTree = "<group>"; };
		F65C4C132C2F8BCA007D7F9D /* MetApp.app */ = {isa = PBXFileReference; explicitFileType = wrapper.application; includeInIndex = 0; path = MetApp.app; sourceTree = BUILT_PRODUCTS_DIR; };
		F65C4C162C2F8BCA007D7F9D /* MetAppApp.swift */ = {isa = PBXFileReference; lastKnownFileType = sourcecode.swift; path = MetAppApp.swift; sourceTree = "<group>"; };
		F65C4C182C2F8BCA007D7F9D /* ContentView.swift */ = {isa = PBXFileReference; lastKnownFileType = sourcecode.swift; path = ContentView.swift; sourceTree = "<group>"; };
		F65C4C1A2C2F8BCA007D7F9D /* Item.swift */ = {isa = PBXFileReference; lastKnownFileType = sourcecode.swift; path = Item.swift; sourceTree = "<group>"; };
		F65C4C1C2C2F8BCB007D7F9D /* Assets.xcassets */ = {isa = PBXFileReference; lastKnownFileType = folder.assetcatalog; path = Assets.xcassets; sourceTree = "<group>"; };
		F65C4C1F2C2F8BCB007D7F9D /* Preview Assets.xcassets */ = {isa = PBXFileReference; lastKnownFileType = folder.assetcatalog; path = "Preview Assets.xcassets"; sourceTree = "<group>"; };
		F65C4C212C2F8BCB007D7F9D /* MetApp.entitlements */ = {isa = PBXFileReference; lastKnownFileType = text.plist.entitlements; path = MetApp.entitlements; sourceTree = "<group>"; };
		F65C4C262C2F8BCD007D7F9D /* MetAppTests.xctest */ = {isa = PBXFileReference; explicitFileType = wrapper.cfbundle; includeInIndex = 0; path = MetAppTests.xctest; sourceTree = BUILT_PRODUCTS_DIR; };
		F65C4C2A2C2F8BCD007D7F9D /* MetAppTests.swift */ = {isa = PBXFileReference; lastKnownFileType = sourcecode.swift; path = MetAppTests.swift; sourceTree = "<group>"; };
		F65C4C302C2F8BCD007D7F9D /* MetAppUITests.xctest */ = {isa = PBXFileReference; explicitFileType = wrapper.cfbundle; includeInIndex = 0; path = MetAppUITests.xctest; sourceTree = BUILT_PRODUCTS_DIR; };
		F65C4C342C2F8BCD007D7F9D /* MetAppUITests.swift */ = {isa = PBXFileReference; lastKnownFileType = sourcecode.swift; path = MetAppUITests.swift; sourceTree = "<group>"; };
		F65C4C362C2F8BCD007D7F9D /* MetAppUITestsLaunchTests.swift */ = {isa = PBXFileReference; lastKnownFileType = sourcecode.swift; path = MetAppUITestsLaunchTests.swift; sourceTree = "<group>"; };
		F65C4C432C2F8E14007D7F9D /* MetalView.swift */ = {isa = PBXFileReference; lastKnownFileType = sourcecode.swift; path = MetalView.swift; sourceTree = "<group>"; };
		F65C4C472C2F9430007D7F9D /* MyShaders.metal */ = {isa = PBXFileReference; lastKnownFileType = sourcecode.metal; path = MyShaders.metal; sourceTree = "<group>"; };
		F6A7E88D2C30DD5200EBAB16 /* SandboxScene.swift */ = {isa = PBXFileReference; lastKnownFileType = sourcecode.swift; path = SandboxScene.swift; sourceTree = "<group>"; };
		F6A7E88E2C30DD5200EBAB16 /* Scene.swift */ = {isa = PBXFileReference; lastKnownFileType = sourcecode.swift; path = Scene.swift; sourceTree = "<group>"; };
		F6EAFCAC2C3239A000115E31 /* SEGameView.swift */ = {isa = PBXFileReference; lastKnownFileType = sourcecode.swift; path = SEGameView.swift; sourceTree = "<group>"; };
		F6EAFCAF2C323C0700115E31 /* SEKeyboard.swift */ = {isa = PBXFileReference; lastKnownFileType = sourcecode.swift; path = SEKeyboard.swift; sourceTree = "<group>"; };
		F6EAFCB12C32600900115E31 /* SEKeyCode.swift */ = {isa = PBXFileReference; lastKnownFileType = sourcecode.swift; path = SEKeyCode.swift; sourceTree = "<group>"; };
		F6EAFCB32C326B5700115E31 /* SEMouse.swift */ = {isa = PBXFileReference; lastKnownFileType = sourcecode.swift; path = SEMouse.swift; sourceTree = "<group>"; };
		F6EAFCB52C335EB600115E31 /* SECamera.swift */ = {isa = PBXFileReference; lastKnownFileType = sourcecode.swift; path = SECamera.swift; sourceTree = "<group>"; };
		F6EAFCB72C335F9800115E31 /* SEDebugCamera.swift */ = {isa = PBXFileReference; lastKnownFileType = sourcecode.swift; path = SEDebugCamera.swift; sourceTree = "<group>"; };
		F6EAFCB92C33624800115E31 /* SECameraManager.swift */ = {isa = PBXFileReference; lastKnownFileType = sourcecode.swift; path = SECameraManager.swift; sourceTree = "<group>"; };
/* End PBXFileReference section */

/* Begin PBXFrameworksBuildPhase section */
		F65C4C102C2F8BCA007D7F9D /* Frameworks */ = {
			isa = PBXFrameworksBuildPhase;
			buildActionMask = 2147483647;
			files = (
			);
			runOnlyForDeploymentPostprocessing = 0;
		};
		F65C4C232C2F8BCD007D7F9D /* Frameworks */ = {
			isa = PBXFrameworksBuildPhase;
			buildActionMask = 2147483647;
			files = (
			);
			runOnlyForDeploymentPostprocessing = 0;
		};
		F65C4C2D2C2F8BCD007D7F9D /* Frameworks */ = {
			isa = PBXFrameworksBuildPhase;
			buildActionMask = 2147483647;
			files = (
			);
			runOnlyForDeploymentPostprocessing = 0;
		};
/* End PBXFrameworksBuildPhase section */

/* Begin PBXGroup section */
		F6013A242C30777E0087757C /* Core */ = {
			isa = PBXGroup;
			children = (
				F6013A2A2C307C490087757C /* Prefs.swift */,
				F6013A282C3078650087757C /* Engine.swift */,
				F6013A222C3070590087757C /* Types.swift */,
			);
			path = Core;
			sourceTree = "<group>";
		};
		F6013A252C3077890087757C /* Engine */ = {
			isa = PBXGroup;
			children = (
				F6EAFCB92C33624800115E31 /* SECameraManager.swift */,
				F6EAFCB72C335F9800115E31 /* SEDebugCamera.swift */,
				F6EAFCB52C335EB600115E31 /* SECamera.swift */,
				F6013A3E2C30ABC90087757C /* Renderable.swift */,
				F6013A3C2C30AB3A0087757C /* Node.swift */,
				F6013A3A2C30AAC30087757C /* Pointer.swift */,
				F6013A382C30A4080087757C /* MeshLibrary.swift */,
				F6013A362C309B1A0087757C /* Renderer.swift */,
				F6A7E88D2C30DD5200EBAB16 /* SandboxScene.swift */,
				F6A7E88E2C30DD5200EBAB16 /* Scene.swift */,
				F6013A342C30997A0087757C /* Entity.swift */,
				F6013A322C30866D0087757C /* RenderPipelineStateLibrary.swift */,
				F6013A302C3085210087757C /* RenderPipeLineDescriptorLibrary.swift */,
				F6013A2E2C3083CA0087757C /* VertexDescriptorLibrary.swift */,
				F6013A2C2C307FE90087757C /* ShaderLibrary.swift */,
			);
			path = Engine;
			sourceTree = "<group>";
		};
		F6013A262C30779A0087757C /* Shaders */ = {
			isa = PBXGroup;
			children = (
				F65C4C472C2F9430007D7F9D /* MyShaders.metal */,
			);
			path = Shaders;
			sourceTree = "<group>";
		};
		F6013A272C3077A70087757C /* Views */ = {
			isa = PBXGroup;
			children = (
				F6EAFCAC2C3239A000115E31 /* SEGameView.swift */,
				F65C4C162C2F8BCA007D7F9D /* MetAppApp.swift */,
				F65C4C432C2F8E14007D7F9D /* MetalView.swift */,
				F65C4C182C2F8BCA007D7F9D /* ContentView.swift */,
			);
			path = Views;
			sourceTree = "<group>";
		};
		F6013A412C30B4CB0087757C /* Math */ = {
			isa = PBXGroup;
			children = (
				F6013A422C30B4D30087757C /* Matrices.swift */,
			);
			path = Math;
			sourceTree = "<group>";
		};
		F65C4C0A2C2F8BCA007D7F9D = {
			isa = PBXGroup;
			children = (
				F6013A402C30ADC20087757C /* Readme.md */,
				F65C4C152C2F8BCA007D7F9D /* MetApp */,
				F65C4C292C2F8BCD007D7F9D /* MetAppTests */,
				F65C4C332C2F8BCD007D7F9D /* MetAppUITests */,
				F65C4C142C2F8BCA007D7F9D /* Products */,
			);
			sourceTree = "<group>";
		};
		F65C4C142C2F8BCA007D7F9D /* Products */ = {
			isa = PBXGroup;
			children = (
				F65C4C132C2F8BCA007D7F9D /* MetApp.app */,
				F65C4C262C2F8BCD007D7F9D /* MetAppTests.xctest */,
				F65C4C302C2F8BCD007D7F9D /* MetAppUITests.xctest */,
			);
			name = Products;
			sourceTree = "<group>";
		};
		F65C4C152C2F8BCA007D7F9D /* MetApp */ = {
			isa = PBXGroup;
			children = (
				F6EAFCAE2C323BFE00115E31 /* Input */,
				F6013A412C30B4CB0087757C /* Math */,
				F6013A242C30777E0087757C /* Core */,
				F6013A252C3077890087757C /* Engine */,
				F6013A272C3077A70087757C /* Views */,
				F6013A262C30779A0087757C /* Shaders */,
				F65C4C1A2C2F8BCA007D7F9D /* Item.swift */,
				F65C4C1C2C2F8BCB007D7F9D /* Assets.xcassets */,
				F65C4C212C2F8BCB007D7F9D /* MetApp.entitlements */,
				F65C4C1E2C2F8BCB007D7F9D /* Preview Content */,
			);
			path = MetApp;
			sourceTree = "<group>";
		};
		F65C4C1E2C2F8BCB007D7F9D /* Preview Content */ = {
			isa = PBXGroup;
			children = (
				F65C4C1F2C2F8BCB007D7F9D /* Preview Assets.xcassets */,
			);
			path = "Preview Content";
			sourceTree = "<group>";
		};
		F65C4C292C2F8BCD007D7F9D /* MetAppTests */ = {
			isa = PBXGroup;
			children = (
				F65C4C2A2C2F8BCD007D7F9D /* MetAppTests.swift */,
			);
			path = MetAppTests;
			sourceTree = "<group>";
		};
		F65C4C332C2F8BCD007D7F9D /* MetAppUITests */ = {
			isa = PBXGroup;
			children = (
				F65C4C342C2F8BCD007D7F9D /* MetAppUITests.swift */,
				F65C4C362C2F8BCD007D7F9D /* MetAppUITestsLaunchTests.swift */,
			);
			path = MetAppUITests;
			sourceTree = "<group>";
		};
		F6EAFCAE2C323BFE00115E31 /* Input */ = {
			isa = PBXGroup;
			children = (
				F6EAFCB32C326B5700115E31 /* SEMouse.swift */,
				F6EAFCB12C32600900115E31 /* SEKeyCode.swift */,
				F6EAFCAF2C323C0700115E31 /* SEKeyboard.swift */,
			);
			path = Input;
			sourceTree = "<group>";
		};
/* End PBXGroup section */

/* Begin PBXNativeTarget section */
		F65C4C122C2F8BCA007D7F9D /* MetApp */ = {
			isa = PBXNativeTarget;
			buildConfigurationList = F65C4C3A2C2F8BCD007D7F9D /* Build configuration list for PBXNativeTarget "MetApp" */;
			buildPhases = (
				F65C4C0F2C2F8BCA007D7F9D /* Sources */,
				F65C4C102C2F8BCA007D7F9D /* Frameworks */,
				F65C4C112C2F8BCA007D7F9D /* Resources */,
			);
			buildRules = (
			);
			dependencies = (
			);
			name = MetApp;
			productName = MetApp;
			productReference = F65C4C132C2F8BCA007D7F9D /* MetApp.app */;
			productType = "com.apple.product-type.application";
		};
		F65C4C252C2F8BCD007D7F9D /* MetAppTests */ = {
			isa = PBXNativeTarget;
			buildConfigurationList = F65C4C3D2C2F8BCD007D7F9D /* Build configuration list for PBXNativeTarget "MetAppTests" */;
			buildPhases = (
				F65C4C222C2F8BCD007D7F9D /* Sources */,
				F65C4C232C2F8BCD007D7F9D /* Frameworks */,
				F65C4C242C2F8BCD007D7F9D /* Resources */,
			);
			buildRules = (
			);
			dependencies = (
				F65C4C282C2F8BCD007D7F9D /* PBXTargetDependency */,
			);
			name = MetAppTests;
			productName = MetAppTests;
			productReference = F65C4C262C2F8BCD007D7F9D /* MetAppTests.xctest */;
			productType = "com.apple.product-type.bundle.unit-test";
		};
		F65C4C2F2C2F8BCD007D7F9D /* MetAppUITests */ = {
			isa = PBXNativeTarget;
			buildConfigurationList = F65C4C402C2F8BCD007D7F9D /* Build configuration list for PBXNativeTarget "MetAppUITests" */;
			buildPhases = (
				F65C4C2C2C2F8BCD007D7F9D /* Sources */,
				F65C4C2D2C2F8BCD007D7F9D /* Frameworks */,
				F65C4C2E2C2F8BCD007D7F9D /* Resources */,
			);
			buildRules = (
			);
			dependencies = (
				F65C4C322C2F8BCD007D7F9D /* PBXTargetDependency */,
			);
			name = MetAppUITests;
			productName = MetAppUITests;
			productReference = F65C4C302C2F8BCD007D7F9D /* MetAppUITests.xctest */;
			productType = "com.apple.product-type.bundle.ui-testing";
		};
/* End PBXNativeTarget section */

/* Begin PBXProject section */
		F65C4C0B2C2F8BCA007D7F9D /* Project object */ = {
			isa = PBXProject;
			attributes = {
				BuildIndependentTargetsInParallel = 1;
				LastSwiftUpdateCheck = 1600;
				LastUpgradeCheck = 1600;
				TargetAttributes = {
					F65C4C122C2F8BCA007D7F9D = {
						CreatedOnToolsVersion = 16.0;
					};
					F65C4C252C2F8BCD007D7F9D = {
						CreatedOnToolsVersion = 16.0;
						TestTargetID = F65C4C122C2F8BCA007D7F9D;
					};
					F65C4C2F2C2F8BCD007D7F9D = {
						CreatedOnToolsVersion = 16.0;
						TestTargetID = F65C4C122C2F8BCA007D7F9D;
					};
				};
			};
			buildConfigurationList = F65C4C0E2C2F8BCA007D7F9D /* Build configuration list for PBXProject "MetApp" */;
			compatibilityVersion = "Xcode 15.0";
			developmentRegion = en;
			hasScannedForEncodings = 0;
			knownRegions = (
				en,
				Base,
			);
			mainGroup = F65C4C0A2C2F8BCA007D7F9D;
			productRefGroup = F65C4C142C2F8BCA007D7F9D /* Products */;
			projectDirPath = "";
			projectRoot = "";
			targets = (
				F65C4C122C2F8BCA007D7F9D /* MetApp */,
				F65C4C252C2F8BCD007D7F9D /* MetAppTests */,
				F65C4C2F2C2F8BCD007D7F9D /* MetAppUITests */,
			);
		};
/* End PBXProject section */

/* Begin PBXResourcesBuildPhase section */
		F65C4C112C2F8BCA007D7F9D /* Resources */ = {
			isa = PBXResourcesBuildPhase;
			buildActionMask = 2147483647;
			files = (
				F65C4C202C2F8BCB007D7F9D /* Preview Assets.xcassets in Resources */,
				F65C4C1D2C2F8BCB007D7F9D /* Assets.xcassets in Resources */,
			);
			runOnlyForDeploymentPostprocessing = 0;
		};
		F65C4C242C2F8BCD007D7F9D /* Resources */ = {
			isa = PBXResourcesBuildPhase;
			buildActionMask = 2147483647;
			files = (
			);
			runOnlyForDeploymentPostprocessing = 0;
		};
		F65C4C2E2C2F8BCD007D7F9D /* Resources */ = {
			isa = PBXResourcesBuildPhase;
			buildActionMask = 2147483647;
			files = (
			);
			runOnlyForDeploymentPostprocessing = 0;
		};
/* End PBXResourcesBuildPhase section */

/* Begin PBXSourcesBuildPhase section */
		F65C4C0F2C2F8BCA007D7F9D /* Sources */ = {
			isa = PBXSourcesBuildPhase;
			buildActionMask = 2147483647;
			files = (
				F6EAFCB22C32600F00115E31 /* SEKeyCode.swift in Sources */,
				F65C4C442C2F8E19007D7F9D /* MetalView.swift in Sources */,
				F6013A2D2C307FEE0087757C /* ShaderLibrary.swift in Sources */,
				F6A7E88F2C30DD5200EBAB16 /* SandboxScene.swift in Sources */,
				F6A7E8902C30DD5200EBAB16 /* Scene.swift in Sources */,
				F6013A372C309B1E0087757C /* Renderer.swift in Sources */,
				F6013A3F2C30ABCC0087757C /* Renderable.swift in Sources */,
				F65C4C192C2F8BCA007D7F9D /* ContentView.swift in Sources */,
				F6EAFCBA2C33624E00115E31 /* SECameraManager.swift in Sources */,
				F6013A3B2C30AAC50087757C /* Pointer.swift in Sources */,
				F65C4C1B2C2F8BCA007D7F9D /* Item.swift in Sources */,
				F6EAFCB62C335EB900115E31 /* SECamera.swift in Sources */,
				F6013A2F2C3083D30087757C /* VertexDescriptorLibrary.swift in Sources */,
				F6013A392C30A40C0087757C /* MeshLibrary.swift in Sources */,
				F6013A432C30B4D80087757C /* Matrices.swift in Sources */,
				F6013A232C30705D0087757C /* Types.swift in Sources */,
				F6013A332C3086760087757C /* RenderPipelineStateLibrary.swift in Sources */,
				F6013A3D2C30AB3B0087757C /* Node.swift in Sources */,
				F6013A312C30852A0087757C /* RenderPipeLineDescriptorLibrary.swift in Sources */,
				F6EAFCB42C326B5900115E31 /* SEMouse.swift in Sources */,
				F6EAFCAD2C3239A200115E31 /* SEGameView.swift in Sources */,
				F6EAFCB82C335F9B00115E31 /* SEDebugCamera.swift in Sources */,
				F65C4C482C2F9430007D7F9D /* MyShaders.metal in Sources */,
				F65C4C172C2F8BCA007D7F9D /* MetAppApp.swift in Sources */,
				F6EAFCB02C323C0B00115E31 /* SEKeyboard.swift in Sources */,
				F6013A352C3099820087757C /* Entity.swift in Sources */,
				F6013A2B2C307C4C0087757C /* Prefs.swift in Sources */,
				F6013A292C3078670087757C /* Engine.swift in Sources */,
			);
			runOnlyForDeploymentPostprocessing = 0;
		};
		F65C4C222C2F8BCD007D7F9D /* Sources */ = {
			isa = PBXSourcesBuildPhase;
			buildActionMask = 2147483647;
			files = (
				F65C4C2B2C2F8BCD007D7F9D /* MetAppTests.swift in Sources */,
			);
			runOnlyForDeploymentPostprocessing = 0;
		};
		F65C4C2C2C2F8BCD007D7F9D /* Sources */ = {
			isa = PBXSourcesBuildPhase;
			buildActionMask = 2147483647;
			files = (
				F65C4C352C2F8BCD007D7F9D /* MetAppUITests.swift in Sources */,
				F65C4C372C2F8BCD007D7F9D /* MetAppUITestsLaunchTests.swift in Sources */,
			);
			runOnlyForDeploymentPostprocessing = 0;
		};
/* End PBXSourcesBuildPhase section */

/* Begin PBXTargetDependency section */
		F65C4C282C2F8BCD007D7F9D /* PBXTargetDependency */ = {
			isa = PBXTargetDependency;
			target = F65C4C122C2F8BCA007D7F9D /* MetApp */;
			targetProxy = F65C4C272C2F8BCD007D7F9D /* PBXContainerItemProxy */;
		};
		F65C4C322C2F8BCD007D7F9D /* PBXTargetDependency */ = {
			isa = PBXTargetDependency;
			target = F65C4C122C2F8BCA007D7F9D /* MetApp */;
			targetProxy = F65C4C312C2F8BCD007D7F9D /* PBXContainerItemProxy */;
		};
/* End PBXTargetDependency section */

/* Begin XCBuildConfiguration section */
		F65C4C382C2F8BCD007D7F9D /* Debug */ = {
			isa = XCBuildConfiguration;
			buildSettings = {
				ALWAYS_SEARCH_USER_PATHS = NO;
				ASSETCATALOG_COMPILER_GENERATE_SWIFT_ASSET_SYMBOL_EXTENSIONS = YES;
				CLANG_ANALYZER_NONNULL = YES;
				CLANG_ANALYZER_NUMBER_OBJECT_CONVERSION = YES_AGGRESSIVE;
				CLANG_CXX_LANGUAGE_STANDARD = "gnu++20";
				CLANG_ENABLE_MODULES = YES;
				CLANG_ENABLE_OBJC_ARC = YES;
				CLANG_ENABLE_OBJC_WEAK = YES;
				CLANG_WARN_BLOCK_CAPTURE_AUTORELEASING = YES;
				CLANG_WARN_BOOL_CONVERSION = YES;
				CLANG_WARN_COMMA = YES;
				CLANG_WARN_CONSTANT_CONVERSION = YES;
				CLANG_WARN_DEPRECATED_OBJC_IMPLEMENTATIONS = YES;
				CLANG_WARN_DIRECT_OBJC_ISA_USAGE = YES_ERROR;
				CLANG_WARN_DOCUMENTATION_COMMENTS = YES;
				CLANG_WARN_EMPTY_BODY = YES;
				CLANG_WARN_ENUM_CONVERSION = YES;
				CLANG_WARN_INFINITE_RECURSION = YES;
				CLANG_WARN_INT_CONVERSION = YES;
				CLANG_WARN_NON_LITERAL_NULL_CONVERSION = YES;
				CLANG_WARN_OBJC_IMPLICIT_RETAIN_SELF = YES;
				CLANG_WARN_OBJC_LITERAL_CONVERSION = YES;
				CLANG_WARN_OBJC_ROOT_CLASS = YES_ERROR;
				CLANG_WARN_QUOTED_INCLUDE_IN_FRAMEWORK_HEADER = YES;
				CLANG_WARN_RANGE_LOOP_ANALYSIS = YES;
				CLANG_WARN_STRICT_PROTOTYPES = YES;
				CLANG_WARN_SUSPICIOUS_MOVE = YES;
				CLANG_WARN_UNGUARDED_AVAILABILITY = YES_AGGRESSIVE;
				CLANG_WARN_UNREACHABLE_CODE = YES;
				CLANG_WARN__DUPLICATE_METHOD_MATCH = YES;
				COPY_PHASE_STRIP = NO;
				DEBUG_INFORMATION_FORMAT = dwarf;
				ENABLE_STRICT_OBJC_MSGSEND = YES;
				ENABLE_TESTABILITY = YES;
				ENABLE_USER_SCRIPT_SANDBOXING = YES;
				GCC_C_LANGUAGE_STANDARD = gnu17;
				GCC_DYNAMIC_NO_PIC = NO;
				GCC_NO_COMMON_BLOCKS = YES;
				GCC_OPTIMIZATION_LEVEL = 0;
				GCC_PREPROCESSOR_DEFINITIONS = (
					"DEBUG=1",
					"$(inherited)",
				);
				GCC_WARN_64_TO_32_BIT_CONVERSION = YES;
				GCC_WARN_ABOUT_RETURN_TYPE = YES_ERROR;
				GCC_WARN_UNDECLARED_SELECTOR = YES;
				GCC_WARN_UNINITIALIZED_AUTOS = YES_AGGRESSIVE;
				GCC_WARN_UNUSED_FUNCTION = YES;
				GCC_WARN_UNUSED_VARIABLE = YES;
				LOCALIZATION_PREFERS_STRING_CATALOGS = YES;
				MACOSX_DEPLOYMENT_TARGET = 15.0;
				MTL_ENABLE_DEBUG_INFO = INCLUDE_SOURCE;
				MTL_FAST_MATH = YES;
				ONLY_ACTIVE_ARCH = YES;
				SDKROOT = macosx;
				SWIFT_ACTIVE_COMPILATION_CONDITIONS = "DEBUG $(inherited)";
				SWIFT_OPTIMIZATION_LEVEL = "-Onone";
			};
			name = Debug;
		};
		F65C4C392C2F8BCD007D7F9D /* Release */ = {
			isa = XCBuildConfiguration;
			buildSettings = {
				ALWAYS_SEARCH_USER_PATHS = NO;
				ASSETCATALOG_COMPILER_GENERATE_SWIFT_ASSET_SYMBOL_EXTENSIONS = YES;
				CLANG_ANALYZER_NONNULL = YES;
				CLANG_ANALYZER_NUMBER_OBJECT_CONVERSION = YES_AGGRESSIVE;
				CLANG_CXX_LANGUAGE_STANDARD = "gnu++20";
				CLANG_ENABLE_MODULES = YES;
				CLANG_ENABLE_OBJC_ARC = YES;
				CLANG_ENABLE_OBJC_WEAK = YES;
				CLANG_WARN_BLOCK_CAPTURE_AUTORELEASING = YES;
				CLANG_WARN_BOOL_CONVERSION = YES;
				CLANG_WARN_COMMA = YES;
				CLANG_WARN_CONSTANT_CONVERSION = YES;
				CLANG_WARN_DEPRECATED_OBJC_IMPLEMENTATIONS = YES;
				CLANG_WARN_DIRECT_OBJC_ISA_USAGE = YES_ERROR;
				CLANG_WARN_DOCUMENTATION_COMMENTS = YES;
				CLANG_WARN_EMPTY_BODY = YES;
				CLANG_WARN_ENUM_CONVERSION = YES;
				CLANG_WARN_INFINITE_RECURSION = YES;
				CLANG_WARN_INT_CONVERSION = YES;
				CLANG_WARN_NON_LITERAL_NULL_CONVERSION = YES;
				CLANG_WARN_OBJC_IMPLICIT_RETAIN_SELF = YES;
				CLANG_WARN_OBJC_LITERAL_CONVERSION = YES;
				CLANG_WARN_OBJC_ROOT_CLASS = YES_ERROR;
				CLANG_WARN_QUOTED_INCLUDE_IN_FRAMEWORK_HEADER = YES;
				CLANG_WARN_RANGE_LOOP_ANALYSIS = YES;
				CLANG_WARN_STRICT_PROTOTYPES = YES;
				CLANG_WARN_SUSPICIOUS_MOVE = YES;
				CLANG_WARN_UNGUARDED_AVAILABILITY = YES_AGGRESSIVE;
				CLANG_WARN_UNREACHABLE_CODE = YES;
				CLANG_WARN__DUPLICATE_METHOD_MATCH = YES;
				COPY_PHASE_STRIP = NO;
				DEBUG_INFORMATION_FORMAT = "dwarf-with-dsym";
				ENABLE_NS_ASSERTIONS = NO;
				ENABLE_STRICT_OBJC_MSGSEND = YES;
				ENABLE_USER_SCRIPT_SANDBOXING = YES;
				GCC_C_LANGUAGE_STANDARD = gnu17;
				GCC_NO_COMMON_BLOCKS = YES;
				GCC_WARN_64_TO_32_BIT_CONVERSION = YES;
				GCC_WARN_ABOUT_RETURN_TYPE = YES_ERROR;
				GCC_WARN_UNDECLARED_SELECTOR = YES;
				GCC_WARN_UNINITIALIZED_AUTOS = YES_AGGRESSIVE;
				GCC_WARN_UNUSED_FUNCTION = YES;
				GCC_WARN_UNUSED_VARIABLE = YES;
				LOCALIZATION_PREFERS_STRING_CATALOGS = YES;
				MACOSX_DEPLOYMENT_TARGET = 15.0;
				MTL_ENABLE_DEBUG_INFO = NO;
				MTL_FAST_MATH = YES;
				SDKROOT = macosx;
				SWIFT_COMPILATION_MODE = wholemodule;
			};
			name = Release;
		};
		F65C4C3B2C2F8BCD007D7F9D /* Debug */ = {
			isa = XCBuildConfiguration;
			buildSettings = {
				ASSETCATALOG_COMPILER_APPICON_NAME = AppIcon;
				ASSETCATALOG_COMPILER_GLOBAL_ACCENT_COLOR_NAME = AccentColor;
				CODE_SIGN_ENTITLEMENTS = MetApp/MetApp.entitlements;
				CODE_SIGN_STYLE = Automatic;
				COMBINE_HIDPI_IMAGES = YES;
				CURRENT_PROJECT_VERSION = 1;
				DEVELOPMENT_ASSET_PATHS = "\"MetApp/Preview Content\"";
				DEVELOPMENT_TEAM = DT3Z5369QL;
				ENABLE_HARDENED_RUNTIME = YES;
				ENABLE_PREVIEWS = YES;
				GENERATE_INFOPLIST_FILE = YES;
				INFOPLIST_KEY_NSHumanReadableCopyright = "";
				LD_RUNPATH_SEARCH_PATHS = (
					"$(inherited)",
					"@executable_path/../Frameworks",
				);
				MACOSX_DEPLOYMENT_TARGET = 14.0;
				MARKETING_VERSION = 1.0;
				PRODUCT_BUNDLE_IDENTIFIER = com.sravan.MetApp;
				PRODUCT_NAME = "$(TARGET_NAME)";
				SWIFT_EMIT_LOC_STRINGS = YES;
				SWIFT_VERSION = 5.0;
			};
			name = Debug;
		};
		F65C4C3C2C2F8BCD007D7F9D /* Release */ = {
			isa = XCBuildConfiguration;
			buildSettings = {
				ASSETCATALOG_COMPILER_APPICON_NAME = AppIcon;
				ASSETCATALOG_COMPILER_GLOBAL_ACCENT_COLOR_NAME = AccentColor;
				CODE_SIGN_ENTITLEMENTS = MetApp/MetApp.entitlements;
				CODE_SIGN_STYLE = Automatic;
				COMBINE_HIDPI_IMAGES = YES;
				CURRENT_PROJECT_VERSION = 1;
				DEVELOPMENT_ASSET_PATHS = "\"MetApp/Preview Content\"";
				DEVELOPMENT_TEAM = DT3Z5369QL;
				ENABLE_HARDENED_RUNTIME = YES;
				ENABLE_PREVIEWS = YES;
				GENERATE_INFOPLIST_FILE = YES;
				INFOPLIST_KEY_NSHumanReadableCopyright = "";
				LD_RUNPATH_SEARCH_PATHS = (
					"$(inherited)",
					"@executable_path/../Frameworks",
				);
				MACOSX_DEPLOYMENT_TARGET = 14.0;
				MARKETING_VERSION = 1.0;
				PRODUCT_BUNDLE_IDENTIFIER = com.sravan.MetApp;
				PRODUCT_NAME = "$(TARGET_NAME)";
				SWIFT_EMIT_LOC_STRINGS = YES;
				SWIFT_VERSION = 5.0;
			};
			name = Release;
		};
		F65C4C3E2C2F8BCD007D7F9D /* Debug */ = {
			isa = XCBuildConfiguration;
			buildSettings = {
				BUNDLE_LOADER = "$(TEST_HOST)";
				CODE_SIGN_STYLE = Automatic;
				CURRENT_PROJECT_VERSION = 1;
				DEVELOPMENT_TEAM = DT3Z5369QL;
				GENERATE_INFOPLIST_FILE = YES;
				MACOSX_DEPLOYMENT_TARGET = 14.0;
				MARKETING_VERSION = 1.0;
				PRODUCT_BUNDLE_IDENTIFIER = com.sravan.MetAppTests;
				PRODUCT_NAME = "$(TARGET_NAME)";
				SWIFT_EMIT_LOC_STRINGS = NO;
				SWIFT_VERSION = 5.0;
				TEST_HOST = "$(BUILT_PRODUCTS_DIR)/MetApp.app/$(BUNDLE_EXECUTABLE_FOLDER_PATH)/MetApp";
			};
			name = Debug;
		};
		F65C4C3F2C2F8BCD007D7F9D /* Release */ = {
			isa = XCBuildConfiguration;
			buildSettings = {
				BUNDLE_LOADER = "$(TEST_HOST)";
				CODE_SIGN_STYLE = Automatic;
				CURRENT_PROJECT_VERSION = 1;
				DEVELOPMENT_TEAM = DT3Z5369QL;
				GENERATE_INFOPLIST_FILE = YES;
				MACOSX_DEPLOYMENT_TARGET = 14.0;
				MARKETING_VERSION = 1.0;
				PRODUCT_BUNDLE_IDENTIFIER = com.sravan.MetAppTests;
				PRODUCT_NAME = "$(TARGET_NAME)";
				SWIFT_EMIT_LOC_STRINGS = NO;
				SWIFT_VERSION = 5.0;
				TEST_HOST = "$(BUILT_PRODUCTS_DIR)/MetApp.app/$(BUNDLE_EXECUTABLE_FOLDER_PATH)/MetApp";
			};
			name = Release;
		};
		F65C4C412C2F8BCD007D7F9D /* Debug */ = {
			isa = XCBuildConfiguration;
			buildSettings = {
				CODE_SIGN_STYLE = Automatic;
				CURRENT_PROJECT_VERSION = 1;
				DEVELOPMENT_TEAM = DT3Z5369QL;
				GENERATE_INFOPLIST_FILE = YES;
				MARKETING_VERSION = 1.0;
				PRODUCT_BUNDLE_IDENTIFIER = com.sravan.MetAppUITests;
				PRODUCT_NAME = "$(TARGET_NAME)";
				SWIFT_EMIT_LOC_STRINGS = NO;
				SWIFT_VERSION = 5.0;
				TEST_TARGET_NAME = MetApp;
			};
			name = Debug;
		};
		F65C4C422C2F8BCD007D7F9D /* Release */ = {
			isa = XCBuildConfiguration;
			buildSettings = {
				CODE_SIGN_STYLE = Automatic;
				CURRENT_PROJECT_VERSION = 1;
				DEVELOPMENT_TEAM = DT3Z5369QL;
				GENERATE_INFOPLIST_FILE = YES;
				MARKETING_VERSION = 1.0;
				PRODUCT_BUNDLE_IDENTIFIER = com.sravan.MetAppUITests;
				PRODUCT_NAME = "$(TARGET_NAME)";
				SWIFT_EMIT_LOC_STRINGS = NO;
				SWIFT_VERSION = 5.0;
				TEST_TARGET_NAME = MetApp;
			};
			name = Release;
		};
/* End XCBuildConfiguration section */

/* Begin XCConfigurationList section */
		F65C4C0E2C2F8BCA007D7F9D /* Build configuration list for PBXProject "MetApp" */ = {
			isa = XCConfigurationList;
			buildConfigurations = (
				F65C4C382C2F8BCD007D7F9D /* Debug */,
				F65C4C392C2F8BCD007D7F9D /* Release */,
			);
			defaultConfigurationIsVisible = 0;
			defaultConfigurationName = Release;
		};
		F65C4C3A2C2F8BCD007D7F9D /* Build configuration list for PBXNativeTarget "MetApp" */ = {
			isa = XCConfigurationList;
			buildConfigurations = (
				F65C4C3B2C2F8BCD007D7F9D /* Debug */,
				F65C4C3C2C2F8BCD007D7F9D /* Release */,
			);
			defaultConfigurationIsVisible = 0;
			defaultConfigurationName = Release;
		};
		F65C4C3D2C2F8BCD007D7F9D /* Build configuration list for PBXNativeTarget "MetAppTests" */ = {
			isa = XCConfigurationList;
			buildConfigurations = (
				F65C4C3E2C2F8BCD007D7F9D /* Debug */,
				F65C4C3F2C2F8BCD007D7F9D /* Release */,
			);
			defaultConfigurationIsVisible = 0;
			defaultConfigurationName = Release;
		};
		F65C4C402C2F8BCD007D7F9D /* Build configuration list for PBXNativeTarget "MetAppUITests" */ = {
			isa = XCConfigurationList;
			buildConfigurations = (
				F65C4C412C2F8BCD007D7F9D /* Debug */,
				F65C4C422C2F8BCD007D7F9D /* Release */,
			);
			defaultConfigurationIsVisible = 0;
			defaultConfigurationName = Release;
		};
/* End XCConfigurationList section */
	};
	rootObject = F65C4C0B2C2F8BCA007D7F9D /* Project object */;
}
